
Microsoft Visual Studio Solution File, Format Version 12.00
# Visual Studio Version 17
VisualStudioVersion = 17.11.35327.3
MinimumVisualStudioVersion = 10.0.40219.1
Project("{9A19103F-16F7-4668-BE54-9A1E7A4F7556}") = "AppSec (practicalAssignment)", "AppSec (practicalAssignment)\AppSec (practicalAssignment).csproj", "{B70B5AD5-3DAC-4DD0-B6C9-CBD8B13A912D}"
EndProject
Global
	GlobalSection(SolutionConfigurationPlatforms) = preSolution
		Debug|Any CPU = Debug|Any CPU
		Release|Any CPU = Release|Any CPU
	EndGlobalSection
	GlobalSection(ProjectConfigurationPlatforms) = postSolution
		{B70B5AD5-3DAC-4DD0-B6C9-CBD8B13A912D}.Debug|Any CPU.ActiveCfg = Debug|Any CPU
		{B70B5AD5-3DAC-4DD0-B6C9-CBD8B13A912D}.Debug|Any CPU.Build.0 = Debug|Any CPU
		{B70B5AD5-3DAC-4DD0-B6C9-CBD8B13A912D}.Release|Any CPU.ActiveCfg = Release|Any CPU
		{B70B5AD5-3DAC-4DD0-B6C9-CBD8B13A912D}.Release|Any CPU.Build.0 = Release|Any CPU
	EndGlobalSection
	GlobalSection(SolutionProperties) = preSolution
		HideSolutionNode = FALSE
	EndGlobalSection
	GlobalSection(ExtensibilityGlobals) = postSolution
		SolutionGuid = {E8577713-4469-4011-8FB1-7207B676F3CD}
	EndGlobalSection
EndGlobal
